# This file is automatically @generated by Cargo.
# It is not intended for manual editing.
version = 4

[[package]]
name = "allocator-api2"
version = "0.2.21"
source = "registry+https://github.com/rust-lang/crates.io-index"
checksum = "683d7910e743518b0e34f1186f92494becacb047c7b6bf616c96772180fef923"

[[package]]
name = "autocfg"
version = "1.5.0"
source = "registry+https://github.com/rust-lang/crates.io-index"
checksum = "c08606f8c3cbf4ce6ec8e28fb0014a2c086708fe954eaa885384a6165172e7e8"

[[package]]
name = "const-fnv1a-hash"
version = "1.1.0"
source = "registry+https://github.com/rust-lang/crates.io-index"
checksum = "32b13ea120a812beba79e34316b3942a857c86ec1593cb34f27bb28272ce2cca"

[[package]]
name = "equivalent"
version = "1.0.2"
source = "registry+https://github.com/rust-lang/crates.io-index"
checksum = "877a4ace8713b0bcf2a4e7eec82529c029f1d0619886d18145fea96c3ffe5c0f"

[[package]]
name = "facet"
version = "0.44.3"
source = "registry+https://github.com/rust-lang/crates.io-index"
checksum = "4aa60b7d3d49d30f477f9490b7fc3ce42009b5b626b625b0356742884c493a11"
dependencies = [
 "autocfg",
 "facet-core",
 "facet-macros",
]

[[package]]
name = "facet-carat"
version = "0.0.1"
dependencies = [
 "facet",
 "facet-json",
 "facet-value",
]

[[package]]
name = "facet-core"
version = "0.44.3"
source = "registry+https://github.com/rust-lang/crates.io-index"
checksum = "11f9ee47507f15c18243a8cba3b2a85b71176173f0097e9164a54dd4e4e3e4ce"
dependencies = [
 "autocfg",
 "const-fnv1a-hash",
 "iddqd",
 "impls",
]

[[package]]
name = "facet-dessert"
version = "0.44.5"
source = "registry+https://github.com/rust-lang/crates.io-index"
checksum = "0fb18a3e7ee90139051f679390662ae158439c1564b73b482676b9a3862d13c0"
dependencies = [
 "facet-core",
 "facet-reflect",
]

[[package]]
name = "facet-format"
version = "0.44.5"
source = "registry+https://github.com/rust-lang/crates.io-index"
checksum = "d87b44b7183a982f8c9889b7ec50bf8f1a38318a77069084436cc908bb1e5e96"
dependencies = [
 "facet-core",
 "facet-dessert",
 "facet-path",
 "facet-reflect",
 "facet-solver",
]

[[package]]
name = "facet-json"
version = "0.44.5"
source = "registry+https://github.com/rust-lang/crates.io-index"
checksum = "81791a228a3d57e2e982430f92ad2a219feaca8f21234316a830246594f64e84"
dependencies = [
 "facet",
 "facet-core",
 "facet-format",
 "facet-reflect",
 "memchr",
]

[[package]]
name = "facet-macro-parse"
version = "0.44.3"
source = "registry+https://github.com/rust-lang/crates.io-index"
checksum = "e77becc35b3b3008e7b3ef23356954e46561177316aff0a92c73fc6ddb2a15a0"
dependencies = [
 "facet-macro-types",
 "proc-macro2",
 "quote",
]

[[package]]
name = "facet-macro-types"
version = "0.44.3"
source = "registry+https://github.com/rust-lang/crates.io-index"
checksum = "8e600db5983cdad99db3b34adfa20b546d80f21ab8feecd35d40bbbfbcf53b5c"
dependencies = [
 "proc-macro2",
 "quote",
 "unsynn",
]

[[package]]
name = "facet-macros"
version = "0.44.3"
source = "registry+https://github.com/rust-lang/crates.io-index"
checksum = "a3a7015e119aa043740dc8aee6b1b70e26b6616e1701b329496bf04990f44133"
dependencies = [
 "facet-macros-impl",
]

[[package]]
name = "facet-macros-impl"
version = "0.44.3"
source = "registry+https://github.com/rust-lang/crates.io-index"
checksum = "cbb5e6f6cc64210ab12aa625b014db78d34d6a3b63d1011382c141518a1e1f78"
dependencies = [
 "facet-macro-parse",
 "facet-macro-types",
 "proc-macro2",
 "quote",
 "strsim",
 "unsynn",
]

[[package]]
name = "facet-path"
version = "0.44.3"
source = "registry+https://github.com/rust-lang/crates.io-index"
checksum = "77e7b83cb0de7c00d6e76f08d36b047d6cb9efc39e10744dbcf7a4a5a19c4903"
dependencies = [
 "facet-core",
]

[[package]]
name = "facet-reflect"
version = "0.44.3"
source = "registry+https://github.com/rust-lang/crates.io-index"
checksum = "e9cc255bd928399489868fdddec09e69073d622432cc2b52cfa3c3a5d811305c"
dependencies = [
 "facet-core",
 "facet-path",
 "hashbrown",
 "smallvec",
]

[[package]]
name = "facet-solver"
version = "0.44.3"
source = "registry+https://github.com/rust-lang/crates.io-index"
checksum = "b4d2427360875510d60267f4bb132f47aa4f5714896be9ca11c516f14542118d"
dependencies = [
 "facet-core",
 "facet-reflect",
 "strsim",
]

[[package]]
name = "facet-value"
version = "0.44.5"
source = "registry+https://github.com/rust-lang/crates.io-index"
checksum = "5edd5a4a2cb835ea6e0fc5a896a105505ddbde1bc1fa1e7e7f38bcc639eec5d8"
dependencies = [
 "facet-core",
 "facet-format",
 "facet-reflect",
 "indexmap",
]

[[package]]
name = "foldhash"
version = "0.2.0"
source = "registry+https://github.com/rust-lang/crates.io-index"
checksum = "77ce24cb58228fbb8aa041425bb1050850ac19177686ea6e0f41a70416f56fdb"

[[package]]
name = "hashbrown"
version = "0.16.1"
source = "registry+https://github.com/rust-lang/crates.io-index"
checksum = "841d1cc9bed7f9236f321df977030373f4a4163ae1a7dbfe1a51a2c1a51d9100"
dependencies = [
 "allocator-api2",
 "equivalent",
 "foldhash",
]

[[package]]
name = "iddqd"
version = "0.3.17"
source = "registry+https://github.com/rust-lang/crates.io-index"
checksum = "6b215e67ed1d1a4b1702acd787c487d16e4c977c5dcbcc4587bdb5ea26b6ce06"
dependencies = [
 "allocator-api2",
 "equivalent",
 "foldhash",
 "hashbrown",
 "rustc-hash",
]

[[package]]
name = "impls"
version = "1.0.3"
source = "registry+https://github.com/rust-lang/crates.io-index"
checksum = "7a46645bbd70538861a90d0f26c31537cdf1e44aae99a794fb75a664b70951bc"

[[package]]
name = "indexmap"
version = "2.13.1"
source = "registry+https://github.com/rust-lang/crates.io-index"
checksum = "45a8a2b9cb3e0b0c1803dbb0758ffac5de2f425b23c28f518faabd9d805342ff"
dependencies = [
 "equivalent",
 "hashbrown",
]

[[package]]
name = "memchr"
version = "2.8.0"
source = "registry+https://github.com/rust-lang/crates.io-index"
checksum = "f8ca58f447f06ed17d5fc4043ce1b10dd205e060fb3ce5b979b8ed8e59ff3f79"

[[package]]
name = "mutants"
version = "0.0.3"
source = "registry+https://github.com/rust-lang/crates.io-index"
checksum = "bc0287524726960e07b119cebd01678f852f147742ae0d925e6a520dca956126"

[[package]]
name = "proc-macro2"
version = "1.0.106"
source = "registry+https://github.com/rust-lang/crates.io-index"
checksum = "8fd00f0bb2e90d81d1044c2b32617f68fcb9fa3bb7640c23e9c748e53fb30934"
dependencies = [
 "unicode-ident",
]

[[package]]
name = "quote"
version = "1.0.45"
source = "registry+https://github.com/rust-lang/crates.io-index"
checksum = "41f2619966050689382d2b44f664f4bc593e129785a36d6ee376ddf37259b924"
dependencies = [
 "proc-macro2",
]

[[package]]
name = "rustc-hash"
version = "2.1.2"
source = "registry+https://github.com/rust-lang/crates.io-index"
checksum = "94300abf3f1ae2e2b8ffb7b58043de3d399c73fa6f4b73826402a5c457614dbe"

[[package]]
name = "smallvec"
version = "2.0.0-alpha.12"
source = "registry+https://github.com/rust-lang/crates.io-index"
checksum = "ef784004ca8777809dcdad6ac37629f0a97caee4c685fcea805278d81dd8b857"

[[package]]
name = "strsim"
version = "0.11.1"
source = "registry+https://github.com/rust-lang/crates.io-index"
checksum = "7da8b5736845d9f2fcb837ea5d9e2628564b3b043a70948a3f0b778838c5fb4f"

[[package]]
name = "unicode-ident"
version = "1.0.24"
source = "registry+https://github.com/rust-lang/crates.io-index"
checksum = "e6e4313cd5fcd3dad5cafa179702e2b244f760991f45397d14d4ebf38247da75"

[[package]]
name = "unsynn"
version = "0.3.0"
source = "registry+https://github.com/rust-lang/crates.io-index"
checksum = "501a7adf1a4bd9951501e5c66621e972ef8874d787628b7f90e64f936ef7ec0a"
dependencies = [
 "mutants",
 "proc-macro2",
 "rustc-hash",
]
